<?xml version="1.0" encoding="utf-8"?>
<Project ToolsVersion="4.0" xmlns="http://schemas.microsoft.com/developer/msbuild/2003">
  <ItemGroup>
    <Filter Include="guetzli">
      <UniqueIdentifier>{C9FCBE14-35DC-3DB0-3EF4-C886AA52A411}</UniqueIdentifier>
    </Filter>
    <Filter Include="third_party">
      <UniqueIdentifier>{0FB18DF1-7B66-06E7-045B-00BE700FFDEA}</UniqueIdentifier>
    </Filter>
    <Filter Include="third_party\butteraugli">
      <UniqueIdentifier>{468B2B32-B2C2-73C9-BBCC-D7EC27839AC2}</UniqueIdentifier>
    </Filter>
    <Filter Include="third_party\butteraugli\butteraugli">
      <UniqueIdentifier>{FD6FCB41-6929-36EC-F288-50C65E41EC5B}</UniqueIdentifier>
    </Filter>
    <Filter Include="third_party\libpng">
      <UniqueIdentifier>{40be58d6-6dfc-45a3-8ca1-7d1b14051ddc}</UniqueIdentifier>
    </Filter>
    <Filter Include="third_party\zlib">
      <UniqueIdentifier>{cb89c1ac-8399-4814-88f2-4b69576bc9f9}</UniqueIdentifier>
    </Filter>
    <Filter Include="third_party\tcmalloc_minimal">
      <UniqueIdentifier>{f2b475de-6219-478e-9e5e-08f07ef25dbc}</UniqueIdentifier>
    </Filter>
  </ItemGroup>
  <ItemGroup>
    <ClInclude Include="guetzli\butteraugli_comparator.h">
      <Filter>guetzli</Filter>
    </ClInclude>
    <ClInclude Include="guetzli\color_transform.h">
      <Filter>guetzli</Filter>
    </ClInclude>
    <ClInclude Include="guetzli\comparator.h">
      <Filter>guetzli</Filter>
    </ClInclude>
    <ClInclude Include="guetzli\dct_double.h">
      <Filter>guetzli</Filter>
    </ClInclude>
    <ClInclude Include="guetzli\debug_print.h">
      <Filter>guetzli</Filter>
    </ClInclude>
    <ClInclude Include="guetzli\entropy_encode.h">
      <Filter>guetzli</Filter>
    </ClInclude>
    <ClInclude Include="guetzli\fast_log.h">
      <Filter>guetzli</Filter>
    </ClInclude>
    <ClInclude Include="guetzli\fdct.h">
      <Filter>guetzli</Filter>
    </ClInclude>
    <ClInclude Include="guetzli\gamma_correct.h">
      <Filter>guetzli</Filter>
    </ClInclude>
    <ClInclude Include="guetzli\idct.h">
      <Filter>guetzli</Filter>
    </ClInclude>
    <ClInclude Include="guetzli\jpeg_bit_writer.h">
      <Filter>guetzli</Filter>
    </ClInclude>
    <ClInclude Include="guetzli\jpeg_data.h">
      <Filter>guetzli</Filter>
    </ClInclude>
    <ClInclude Include="guetzli\jpeg_data_decoder.h">
      <Filter>guetzli</Filter>
    </ClInclude>
    <ClInclude Include="guetzli\jpeg_data_encoder.h">
      <Filter>guetzli</Filter>
    </ClInclude>
    <ClInclude Include="guetzli\jpeg_data_reader.h">
      <Filter>guetzli</Filter>
    </ClInclude>
    <ClInclude Include="guetzli\jpeg_data_writer.h">
      <Filter>guetzli</Filter>
    </ClInclude>
    <ClInclude Include="guetzli\jpeg_error.h">
      <Filter>guetzli</Filter>
    </ClInclude>
    <ClInclude Include="guetzli\jpeg_huffman_decode.h">
      <Filter>guetzli</Filter>
    </ClInclude>
    <ClInclude Include="guetzli\output_image.h">
      <Filter>guetzli</Filter>
    </ClInclude>
    <ClInclude Include="guetzli\preprocess_downsample.h">
      <Filter>guetzli</Filter>
    </ClInclude>
    <ClInclude Include="guetzli\processor.h">
      <Filter>guetzli</Filter>
    </ClInclude>
    <ClInclude Include="guetzli\quality.h">
      <Filter>guetzli</Filter>
    </ClInclude>
    <ClInclude Include="guetzli\quantize.h">
      <Filter>guetzli</Filter>
    </ClInclude>
    <ClInclude Include="guetzli\score.h">
      <Filter>guetzli</Filter>
    </ClInclude>
    <ClInclude Include="guetzli\stats.h">
      <Filter>guetzli</Filter>
    </ClInclude>
    <ClInclude Include="third_party\butteraugli\butteraugli\butteraugli.h">
      <Filter>third_party\butteraugli\butteraugli</Filter>
    </ClInclude>
    <ClInclude Include="third_party\libpng\png.h">
      <Filter>third_party\libpng</Filter>
    </ClInclude>
    <ClInclude Include="third_party\libpng\pngconf.h">
      <Filter>third_party\libpng</Filter>
    </ClInclude>
    <ClInclude Include="third_party\libpng\pngpriv.h">
      <Filter>third_party\libpng</Filter>
    </ClInclude>
    <ClInclude Include="third_party\zlib\crc32.h">
      <Filter>third_party\zlib</Filter>
    </ClInclude>
    <ClInclude Include="third_party\zlib\deflate.h">
      <Filter>third_party\zlib</Filter>
    </ClInclude>
    <ClInclude Include="third_party\zlib\gzguts.h">
      <Filter>third_party\zlib</Filter>
    </ClInclude>
    <ClInclude Include="third_party\zlib\inffast.h">
      <Filter>third_party\zlib</Filter>
    </ClInclude>
    <ClInclude Include="third_party\zlib\inffixed.h">
      <Filter>third_party\zlib</Filter>
    </ClInclude>
    <ClInclude Include="third_party\zlib\inflate.h">
      <Filter>third_party\zlib</Filter>
    </ClInclude>
    <ClInclude Include="third_party\zlib\inftrees.h">
      <Filter>third_party\zlib</Filter>
    </ClInclude>
    <ClInclude Include="third_party\zlib\trees.h">
      <Filter>third_party\zlib</Filter>
    </ClInclude>
    <ClInclude Include="third_party\zlib\zconf.h">
      <Filter>third_party\zlib</Filter>
    </ClInclude>
    <ClInclude Include="third_party\zlib\zlib.h">
      <Filter>third_party\zlib</Filter>
    </ClInclude>
    <ClInclude Include="third_party\zlib\zutil.h">
      <Filter>third_party\zlib</Filter>
    </ClInclude>
    <ClInclude Include="third_party\gperftools-gperftools-2.5\src\addressmap-inl.h">
      <Filter>third_party\tcmalloc_minimal</Filter>
    </ClInclude>
    <ClInclude Include="third_party\gperftools-gperftools-2.5\src\central_freelist.h">
      <Filter>third_party\tcmalloc_minimal</Filter>
    </ClInclude>
    <ClInclude Include="third_party\gperftools-gperftools-2.5\src\common.h">
      <Filter>third_party\tcmalloc_minimal</Filter>
    </ClInclude>
    <ClInclude Include="third_party\gperftools-gperftools-2.5\src\config_for_unittests.h">
      <Filter>third_party\tcmalloc_minimal</Filter>
    </ClInclude>
    <ClInclude Include="third_party\gperftools-gperftools-2.5\src\heap-profile-table.h">
      <Filter>third_party\tcmalloc_minimal</Filter>
    </ClInclude>
    <ClInclude Include="third_party\gperftools-gperftools-2.5\src\internal_logging.h">
      <Filter>third_party\tcmalloc_minimal</Filter>
    </ClInclude>
    <ClInclude Include="third_party\gperftools-gperftools-2.5\src\malloc_hook-inl.h">
      <Filter>third_party\tcmalloc_minimal</Filter>
    </ClInclude>
    <ClInclude Include="third_party\gperftools-gperftools-2.5\src\memory_region_map.h">
      <Filter>third_party\tcmalloc_minimal</Filter>
    </ClInclude>
    <ClInclude Include="third_party\gperftools-gperftools-2.5\src\packed-cache-inl.h">
      <Filter>third_party\tcmalloc_minimal</Filter>
    </ClInclude>
    <ClInclude Include="third_party\gperftools-gperftools-2.5\src\page_heap.h">
      <Filter>third_party\tcmalloc_minimal</Filter>
    </ClInclude>
    <ClInclude Include="third_party\gperftools-gperftools-2.5\src\page_heap_allocator.h">
      <Filter>third_party\tcmalloc_minimal</Filter>
    </ClInclude>
    <ClInclude Include="third_party\gperftools-gperftools-2.5\src\pagemap.h">
      <Filter>third_party\tcmalloc_minimal</Filter>
    </ClInclude>
    <ClInclude Include="third_party\gperftools-gperftools-2.5\src\raw_printer.h">
      <Filter>third_party\tcmalloc_minimal</Filter>
    </ClInclude>
    <ClInclude Include="third_party\gperftools-gperftools-2.5\src\sampler.h">
      <Filter>third_party\tcmalloc_minimal</Filter>
    </ClInclude>
    <ClInclude Include="third_party\gperftools-gperftools-2.5\src\span.h">
      <Filter>third_party\tcmalloc_minimal</Filter>
    </ClInclude>
    <ClInclude Include="third_party\gperftools-gperftools-2.5\src\stack_trace_table.h">
      <Filter>third_party\tcmalloc_minimal</Filter>
    </ClInclude>
    <ClInclude Include="third_party\gperftools-gperftools-2.5\src\stacktrace_win32-inl.h">
      <Filter>third_party\tcmalloc_minimal</Filter>
    </ClInclude>
    <ClInclude Include="third_party\gperftools-gperftools-2.5\src\static_vars.h">
      <Filter>third_party\tcmalloc_minimal</Filter>
    </ClInclude>
    <ClInclude Include="third_party\gperftools-gperftools-2.5\src\symbolize.h">
      <Filter>third_party\tcmalloc_minimal</Filter>
    </ClInclude>
    <ClInclude Include="third_party\gperftools-gperftools-2.5\src\system-alloc.h">
      <Filter>third_party\tcmalloc_minimal</Filter>
    </ClInclude>
    <ClInclude Include="third_party\gperftools-gperftools-2.5\src\tcmalloc.h">
      <Filter>third_party\tcmalloc_minimal</Filter>
    </ClInclude>
    <ClInclude Include="third_party\gperftools-gperftools-2.5\src\thread_cache.h">
      <Filter>third_party\tcmalloc_minimal</Filter>
    </ClInclude>
    <ClInclude Include="third_party\gperftools-gperftools-2.5\src\base\atomicops-internals-linuxppc.h">
      <Filter>third_party\tcmalloc_minimal</Filter>
    </ClInclude>
    <ClInclude Include="third_party\gperftools-gperftools-2.5\src\base\atomicops-internals-macosx.h">
      <Filter>third_party\tcmalloc_minimal</Filter>
    </ClInclude>
    <ClInclude Include="third_party\gperftools-gperftools-2.5\src\base\atomicops-internals-x86.h">
      <Filter>third_party\tcmalloc_minimal</Filter>
    </ClInclude>
    <ClInclude Include="third_party\gperftools-gperftools-2.5\src\base\basictypes.h">
      <Filter>third_party\tcmalloc_minimal</Filter>
    </ClInclude>
    <ClInclude Include="third_party\gperftools-gperftools-2.5\src\base\commandlineflags.h">
      <Filter>third_party\tcmalloc_minimal</Filter>
    </ClInclude>
    <ClInclude Include="third_party\gperftools-gperftools-2.5\src\base\googleinit.h">
      <Filter>third_party\tcmalloc_minimal</Filter>
    </ClInclude>
    <ClInclude Include="third_party\gperftools-gperftools-2.5\src\base\logging.h">
      <Filter>third_party\tcmalloc_minimal</Filter>
    </ClInclude>
    <ClInclude Include="third_party\gperftools-gperftools-2.5\src\base\low_level_alloc.h">
      <Filter>third_party\tcmalloc_minimal</Filter>
    </ClInclude>
    <ClInclude Include="third_party\gperftools-gperftools-2.5\src\base\spinlock.h">
      <Filter>third_party\tcmalloc_minimal</Filter>
    </ClInclude>
    <ClInclude Include="third_party\gperftools-gperftools-2.5\src\base\spinlock_internal.h">
      <Filter>third_party\tcmalloc_minimal</Filter>
    </ClInclude>
    <ClInclude Include="third_party\gperftools-gperftools-2.5\src\base\spinlock_linux-inl.h">
      <Filter>third_party\tcmalloc_minimal</Filter>
    </ClInclude>
    <ClInclude Include="third_party\gperftools-gperftools-2.5\src\base\spinlock_posix-inl.h">
      <Filter>third_party\tcmalloc_minimal</Filter>
    </ClInclude>
    <ClInclude Include="third_party\gperftools-gperftools-2.5\src\base\spinlock_win32-inl.h">
      <Filter>third_party\tcmalloc_minimal</Filter>
    </ClInclude>
    <ClInclude Include="third_party\gperftools-gperftools-2.5\src\base\stl_allocator.h">
      <Filter>third_party\tcmalloc_minimal</Filter>
    </ClInclude>
    <ClInclude Include="third_party\gperftools-gperftools-2.5\src\base\sysinfo.h">
      <Filter>third_party\tcmalloc_minimal</Filter>
    </ClInclude>
    <ClInclude Include="third_party\gperftools-gperftools-2.5\src\base\thread_annotations.h">
      <Filter>third_party\tcmalloc_minimal</Filter>
    </ClInclude>
    <ClInclude Include="third_party\gperftools-gperftools-2.5\src\windows\config.h">
      <Filter>third_party\tcmalloc_minimal</Filter>
    </ClInclude>
    <ClInclude Include="third_party\gperftools-gperftools-2.5\src\windows\mini_disassembler.h">
      <Filter>third_party\tcmalloc_minimal</Filter>
    </ClInclude>
    <ClInclude Include="third_party\gperftools-gperftools-2.5\src\windows\mini_disassembler_types.h">
      <Filter>third_party\tcmalloc_minimal</Filter>
    </ClInclude>
    <ClInclude Include="third_party\gperftools-gperftools-2.5\src\windows\port.h">
      <Filter>third_party\tcmalloc_minimal</Filter>
    </ClInclude>
    <ClInclude Include="third_party\gperftools-gperftools-2.5\src\gperftools\heap-checker.h">
      <Filter>third_party\tcmalloc_minimal</Filter>
    </ClInclude>
    <ClInclude Include="third_party\gperftools-gperftools-2.5\src\gperftools\malloc_extension.h">
      <Filter>third_party\tcmalloc_minimal</Filter>
    </ClInclude>
    <ClInclude Include="third_party\gperftools-gperftools-2.5\src\gperftools\profiler.h">
      <Filter>third_party\tcmalloc_minimal</Filter>
    </ClInclude>
    <ClInclude Include="third_party\gperftools-gperftools-2.5\src\gperftools\stacktrace.h">
      <Filter>third_party\tcmalloc_minimal</Filter>
    </ClInclude>
    <ClInclude Include="third_party\gperftools-gperftools-2.5\src\base\atomicops.h">
      <Filter>third_party\tcmalloc_minimal</Filter>
    </ClInclude>
    <ClInclude Include="third_party\gperftools-gperftools-2.5\src\gperftools\heap-profiler.h">
      <Filter>third_party\tcmalloc_minimal</Filter>
    </ClInclude>
    <ClInclude Include="third_party\gperftools-gperftools-2.5\src\gperftools\malloc_hook.h">
      <Filter>third_party\tcmalloc_minimal</Filter>
    </ClInclude>
  </ItemGroup>
  <ItemGroup>
    <ClCompile Include="guetzli\butteraugli_comparator.cc">
      <Filter>guetzli</Filter>
    </ClCompile>
    <ClCompile Include="guetzli\dct_double.cc">
      <Filter>guetzli</Filter>
    </ClCompile>
    <ClCompile Include="guetzli\debug_print.cc">
      <Filter>guetzli</Filter>
    </ClCompile>
    <ClCompile Include="guetzli\entropy_encode.cc">
      <Filter>guetzli</Filter>
    </ClCompile>
    <ClCompile Include="guetzli\fdct.cc">
      <Filter>guetzli</Filter>
    </ClCompile>
    <ClCompile Include="guetzli\gamma_correct.cc">
      <Filter>guetzli</Filter>
    </ClCompile>
    <ClCompile Include="guetzli\guetzli.cc">
      <Filter>guetzli</Filter>
    </ClCompile>
    <ClCompile Include="guetzli\idct.cc">
      <Filter>guetzli</Filter>
    </ClCompile>
    <ClCompile Include="guetzli\jpeg_data.cc">
      <Filter>guetzli</Filter>
    </ClCompile>
    <ClCompile Include="guetzli\jpeg_data_decoder.cc">
      <Filter>guetzli</Filter>
    </ClCompile>
    <ClCompile Include="guetzli\jpeg_data_encoder.cc">
      <Filter>guetzli</Filter>
    </ClCompile>
    <ClCompile Include="guetzli\jpeg_data_reader.cc">
      <Filter>guetzli</Filter>
    </ClCompile>
    <ClCompile Include="guetzli\jpeg_data_writer.cc">
      <Filter>guetzli</Filter>
    </ClCompile>
    <ClCompile Include="guetzli\jpeg_huffman_decode.cc">
      <Filter>guetzli</Filter>
    </ClCompile>
    <ClCompile Include="guetzli\output_image.cc">
      <Filter>guetzli</Filter>
    </ClCompile>
    <ClCompile Include="guetzli\preprocess_downsample.cc">
      <Filter>guetzli</Filter>
    </ClCompile>
    <ClCompile Include="guetzli\processor.cc">
      <Filter>guetzli</Filter>
    </ClCompile>
    <ClCompile Include="guetzli\quality.cc">
      <Filter>guetzli</Filter>
    </ClCompile>
    <ClCompile Include="guetzli\quantize.cc">
      <Filter>guetzli</Filter>
    </ClCompile>
    <ClCompile Include="guetzli\score.cc">
      <Filter>guetzli</Filter>
    </ClCompile>
    <ClCompile Include="third_party\butteraugli\butteraugli\butteraugli.cc">
      <Filter>third_party\butteraugli\butteraugli</Filter>
    </ClCompile>
    <ClCompile Include="third_party\libpng\png.c">
      <Filter>third_party\libpng</Filter>
    </ClCompile>
    <ClCompile Include="third_party\libpng\pngerror.c">
      <Filter>third_party\libpng</Filter>
    </ClCompile>
    <ClCompile Include="third_party\libpng\pngget.c">
      <Filter>third_party\libpng</Filter>
    </ClCompile>
    <ClCompile Include="third_party\libpng\pngmem.c">
      <Filter>third_party\libpng</Filter>
    </ClCompile>
    <ClCompile Include="third_party\libpng\pngpread.c">
      <Filter>third_party\libpng</Filter>
    </ClCompile>
    <ClCompile Include="third_party\libpng\pngread.c">
      <Filter>third_party\libpng</Filter>
    </ClCompile>
    <ClCompile Include="third_party\libpng\pngrio.c">
      <Filter>third_party\libpng</Filter>
    </ClCompile>
    <ClCompile Include="third_party\libpng\pngrtran.c">
      <Filter>third_party\libpng</Filter>
    </ClCompile>
    <ClCompile Include="third_party\libpng\pngrutil.c">
      <Filter>third_party\libpng</Filter>
    </ClCompile>
    <ClCompile Include="third_party\libpng\pngset.c">
      <Filter>third_party\libpng</Filter>
    </ClCompile>
    <ClCompile Include="third_party\libpng\pngtrans.c">
      <Filter>third_party\libpng</Filter>
    </ClCompile>
    <ClCompile Include="third_party\libpng\pngwio.c">
      <Filter>third_party\libpng</Filter>
    </ClCompile>
    <ClCompile Include="third_party\libpng\pngwrite.c">
      <Filter>third_party\libpng</Filter>
    </ClCompile>
    <ClCompile Include="third_party\libpng\pngwtran.c">
      <Filter>third_party\libpng</Filter>
    </ClCompile>
    <ClCompile Include="third_party\libpng\pngwutil.c">
      <Filter>third_party\libpng</Filter>
    </ClCompile>
    <ClCompile Include="third_party\zlib\adler32.c">
      <Filter>third_party\zlib</Filter>
    </ClCompile>
    <ClCompile Include="third_party\zlib\compress.c">
      <Filter>third_party\zlib</Filter>
    </ClCompile>
    <ClCompile Include="third_party\zlib\crc32.c">
      <Filter>third_party\zlib</Filter>
    </ClCompile>
    <ClCompile Include="third_party\zlib\deflate.c">
      <Filter>third_party\zlib</Filter>
    </ClCompile>
    <ClCompile Include="third_party\zlib\gzclose.c">
      <Filter>third_party\zlib</Filter>
    </ClCompile>
    <ClCompile Include="third_party\zlib\gzlib.c">
      <Filter>third_party\zlib</Filter>
    </ClCompile>
    <ClCompile Include="third_party\zlib\gzread.c">
      <Filter>third_party\zlib</Filter>
    </ClCompile>
    <ClCompile Include="third_party\zlib\gzwrite.c">
      <Filter>third_party\zlib</Filter>
    </ClCompile>
    <ClCompile Include="third_party\zlib\infback.c">
      <Filter>third_party\zlib</Filter>
    </ClCompile>
    <ClCompile Include="third_party\zlib\inffast.c">
      <Filter>third_party\zlib</Filter>
    </ClCompile>
    <ClCompile Include="third_party\zlib\inflate.c">
      <Filter>third_party\zlib</Filter>
    </ClCompile>
    <ClCompile Include="third_party\zlib\inftrees.c">
      <Filter>third_party\zlib</Filter>
    </ClCompile>
    <ClCompile Include="third_party\zlib\trees.c">
      <Filter>third_party\zlib</Filter>
    </ClCompile>
    <ClCompile Include="third_party\zlib\uncompr.c">
      <Filter>third_party\zlib</Filter>
    </ClCompile>
    <ClCompile Include="third_party\zlib\zutil.c">
      <Filter>third_party\zlib</Filter>
    </ClCompile>
    <ClCompile Include="third_party\gperftools-gperftools-2.5\src\central_freelist.cc">
      <Filter>third_party\tcmalloc_minimal</Filter>
    </ClCompile>
    <ClCompile Include="third_party\gperftools-gperftools-2.5\src\common.cc">
      <Filter>third_party\tcmalloc_minimal</Filter>
    </ClCompile>
    <ClCompile Include="third_party\gperftools-gperftools-2.5\src\fake_stacktrace_scope.cc">
      <Filter>third_party\tcmalloc_minimal</Filter>
    </ClCompile>
    <ClCompile Include="third_party\gperftools-gperftools-2.5\src\heap-profile-table.cc">
      <Filter>third_party\tcmalloc_minimal</Filter>
    </ClCompile>
    <ClCompile Include="third_party\gperftools-gperftools-2.5\src\internal_logging.cc">
      <Filter>third_party\tcmalloc_minimal</Filter>
    </ClCompile>
    <ClCompile Include="third_party\gperftools-gperftools-2.5\src\malloc_extension.cc">
      <Filter>third_party\tcmalloc_minimal</Filter>
    </ClCompile>
    <ClCompile Include="third_party\gperftools-gperftools-2.5\src\malloc_hook.cc">
      <Filter>third_party\tcmalloc_minimal</Filter>
    </ClCompile>
    <ClCompile Include="third_party\gperftools-gperftools-2.5\src\memory_region_map.cc">
      <Filter>third_party\tcmalloc_minimal</Filter>
    </ClCompile>
    <ClCompile Include="third_party\gperftools-gperftools-2.5\src\page_heap.cc">
      <Filter>third_party\tcmalloc_minimal</Filter>
    </ClCompile>
    <ClCompile Include="third_party\gperftools-gperftools-2.5\src\raw_printer.cc">
      <Filter>third_party\tcmalloc_minimal</Filter>
    </ClCompile>
    <ClCompile Include="third_party\gperftools-gperftools-2.5\src\sampler.cc">
      <Filter>third_party\tcmalloc_minimal</Filter>
    </ClCompile>
    <ClCompile Include="third_party\gperftools-gperftools-2.5\src\span.cc">
      <Filter>third_party\tcmalloc_minimal</Filter>
    </ClCompile>
    <ClCompile Include="third_party\gperftools-gperftools-2.5\src\stack_trace_table.cc">
      <Filter>third_party\tcmalloc_minimal</Filter>
    </ClCompile>
    <ClCompile Include="third_party\gperftools-gperftools-2.5\src\stacktrace.cc">
      <Filter>third_party\tcmalloc_minimal</Filter>
    </ClCompile>
    <ClCompile Include="third_party\gperftools-gperftools-2.5\src\static_vars.cc">
      <Filter>third_party\tcmalloc_minimal</Filter>
    </ClCompile>
    <ClCompile Include="third_party\gperftools-gperftools-2.5\src\symbolize.cc">
      <Filter>third_party\tcmalloc_minimal</Filter>
    </ClCompile>
    <ClCompile Include="third_party\gperftools-gperftools-2.5\src\thread_cache.cc">
      <Filter>third_party\tcmalloc_minimal</Filter>
    </ClCompile>
    <ClCompile Include="third_party\gperftools-gperftools-2.5\src\windows\ia32_modrm_map.cc">
      <Filter>third_party\tcmalloc_minimal</Filter>
    </ClCompile>
    <ClCompile Include="third_party\gperftools-gperftools-2.5\src\windows\ia32_opcode_map.cc">
      <Filter>third_party\tcmalloc_minimal</Filter>
    </ClCompile>
    <ClCompile Include="third_party\gperftools-gperftools-2.5\src\windows\mini_disassembler.cc">
      <Filter>third_party\tcmalloc_minimal</Filter>
    </ClCompile>
    <ClCompile Include="third_party\gperftools-gperftools-2.5\src\windows\patch_functions.cc">
      <Filter>third_party\tcmalloc_minimal</Filter>
    </ClCompile>
    <ClCompile Include="third_party\gperftools-gperftools-2.5\src\windows\port.cc">
      <Filter>third_party\tcmalloc_minimal</Filter>
    </ClCompile>
    <ClCompile Include="third_party\gperftools-gperftools-2.5\src\windows\preamble_patcher.cc">
      <Filter>third_party\tcmalloc_minimal</Filter>
    </ClCompile>
    <ClCompile Include="third_party\gperftools-gperftools-2.5\src\windows\preamble_patcher_with_stub.cc">
      <Filter>third_party\tcmalloc_minimal</Filter>
    </ClCompile>
    <ClCompile Include="third_party\gperftools-gperftools-2.5\src\windows\system-alloc.cc">
      <Filter>third_party\tcmalloc_minimal</Filter>
    </ClCompile>
    <ClCompile Include="third_party\gperftools-gperftools-2.5\src\base\dynamic_annotations.c">
      <Filter>third_party\tcmalloc_minimal</Filter>
    </ClCompile>
    <ClCompile Include="third_party\gperftools-gperftools-2.5\src\base\atomicops-internals-x86.cc">
      <Filter>third_party\tcmalloc_minimal</Filter>
    </ClCompile>
    <ClCompile Include="third_party\gperftools-gperftools-2.5\src\base\logging.cc">
      <Filter>third_party\tcmalloc_minimal</Filter>
    </ClCompile>
    <ClCompile Include="third_party\gperftools-gperftools-2.5\src\base\low_level_alloc.cc">
      <Filter>third_party\tcmalloc_minimal</Filter>
    </ClCompile>
    <ClCompile Include="third_party\gperftools-gperftools-2.5\src\base\spinlock.cc">
      <Filter>third_party\tcmalloc_minimal</Filter>
    </ClCompile>
    <ClCompile Include="third_party\gperftools-gperftools-2.5\src\base\spinlock_internal.cc">
      <Filter>third_party\tcmalloc_minimal</Filter>
    </ClCompile>
    <ClCompile Include="third_party\gperftools-gperftools-2.5\src\base\sysinfo.cc">
      <Filter>third_party\tcmalloc_minimal</Filter>
    </ClCompile>
  </ItemGroup>
  <ItemGroup>
    <None Include="third_party\libpng\pngwin.def">
      <Filter>third_party\libpng</Filter>
    </None>
    <None Include="third_party\zlib\inffas32.asm">
      <Filter>third_party\zlib</Filter>
    </None>
    <None Include="third_party\zlib\match32.asm">
      <Filter>third_party\zlib</Filter>
    </None>
    <None Include="third_party\zlib\match686.asm">
      <Filter>third_party\zlib</Filter>
    </None>
    <None Include="third_party\zlib\zlib.def">
      <Filter>third_party\zlib</Filter>
    </None>
  </ItemGroup>
</Project>